
Microsoft Visual Studio Solution File, Format Version 12.00
# Visual Studio 2012
Project("{F2A71F9B-5D33-465A-A702-920D77279786}") = "FSharp.Control.FusionTasks.PCL2", "FSharp.Control.FusionTasks.PCL2\FSharp.Control.FusionTasks.PCL2.fsproj", "{1229F4F2-5501-44FA-B919-347EBA76CB02}"
EndProject
Project("{2150E333-8FDC-42A3-9474-1A3956D46DE8}") = ".nuget", ".nuget", "{1B5F5358-3E99-41E1-B951-F9BB13BEAC9B}"
	ProjectSection(SolutionItems) = preProject
		.nuget\NuGet.Config = .nuget\NuGet.Config
	EndProjectSection
EndProject
Project("{F2A71F9B-5D33-465A-A702-920D77279786}") = "FSharp.Control.FusionTasksTests", "FSharp.Control.FusionTasksTests\FSharp.Control.FusionTasksTests.fsproj", "{C3406FB4-D9D8-4859-AF6C-FA3BB786CCF9}"
EndProject
Project("{FAE04EC0-301F-11D3-BF4B-00C04F79EFBC}") = "FSharp.Control.FusionTasksTests.CSharp", "FSharp.Control.FusionTasksTests.CSharp\FSharp.Control.FusionTasksTests.CSharp.csproj", "{41806364-953E-4BDC-ACAE-C719691BFC93}"
EndProject
Global
	GlobalSection(SolutionConfigurationPlatforms) = preSolution
		Debug|Any CPU = Debug|Any CPU
		Release|Any CPU = Release|Any CPU
	EndGlobalSection
	GlobalSection(ProjectConfigurationPlatforms) = postSolution
		{1229F4F2-5501-44FA-B919-347EBA76CB02}.Debug|Any CPU.ActiveCfg = Debug|Any CPU
		{1229F4F2-5501-44FA-B919-347EBA76CB02}.Debug|Any CPU.Build.0 = Debug|Any CPU
		{1229F4F2-5501-44FA-B919-347EBA76CB02}.Release|Any CPU.ActiveCfg = Release|Any CPU
		{1229F4F2-5501-44FA-B919-347EBA76CB02}.Release|Any CPU.Build.0 = Release|Any CPU
		{C3406FB4-D9D8-4859-AF6C-FA3BB786CCF9}.Debug|Any CPU.ActiveCfg = Debug|Any CPU
		{C3406FB4-D9D8-4859-AF6C-FA3BB786CCF9}.Debug|Any CPU.Build.0 = Debug|Any CPU
		{C3406FB4-D9D8-4859-AF6C-FA3BB786CCF9}.Release|Any CPU.ActiveCfg = Release|Any CPU
		{C3406FB4-D9D8-4859-AF6C-FA3BB786CCF9}.Release|Any CPU.Build.0 = Release|Any CPU
		{41806364-953E-4BDC-ACAE-C719691BFC93}.Debug|Any CPU.ActiveCfg = Debug|Any CPU
		{41806364-953E-4BDC-ACAE-C719691BFC93}.Debug|Any CPU.Build.0 = Debug|Any CPU
		{41806364-953E-4BDC-ACAE-C719691BFC93}.Release|Any CPU.ActiveCfg = Release|Any CPU
		{41806364-953E-4BDC-ACAE-C719691BFC93}.Release|Any CPU.Build.0 = Release|Any CPU
	EndGlobalSection
	GlobalSection(SolutionProperties) = preSolution
		HideSolutionNode = FALSE
	EndGlobalSection
EndGlobal
